
Microsoft Visual Studio Solution File, Format Version 12.00
# Visual Studio 14
VisualStudioVersion = 14.0.23107.0
MinimumVisualStudioVersion = 10.0.40219.1
Project("{8BC9CEB8-8B4A-11D0-8D11-00A0C91BC942}") = "GLFramework", "GLFramework.vcxproj", "{D54DCF38-2FD0-466E-AA3E-C62AE22807F8}"
EndProject
Project("{8BC9CEB8-8B4A-11D0-8D11-00A0C91BC942}") = "Textures_Project", "Textures_Project\Textures_Project.vcxproj", "{A1BEDF14-3D8B-4DC2-B0DD-C668A78317A5}"
	ProjectSection(ProjectDependencies) = postProject
		{D54DCF38-2FD0-466E-AA3E-C62AE22807F8} = {D54DCF38-2FD0-466E-AA3E-C62AE22807F8}
	EndProjectSection
EndProject
Project("{8BC9CEB8-8B4A-11D0-8D11-00A0C91BC942}") = "Lighting_Project", "Lighting_Project\Lighting_Project.vcxproj", "{4437F6B3-99B4-4B97-BC5F-A1E451F7A09B}"
	ProjectSection(ProjectDependencies) = postProject
		{D54DCF38-2FD0-466E-AA3E-C62AE22807F8} = {D54DCF38-2FD0-466E-AA3E-C62AE22807F8}
	EndProjectSection
EndProject
Project("{8BC9CEB8-8B4A-11D0-8D11-00A0C91BC942}") = "Render_Targets_Project", "Render_Targets_Project\Render_Targets_Project.vcxproj", "{F8D5B171-2BCE-4BD4-A621-B98EEB19AE06}"
	ProjectSection(ProjectDependencies) = postProject
		{D54DCF38-2FD0-466E-AA3E-C62AE22807F8} = {D54DCF38-2FD0-466E-AA3E-C62AE22807F8}
	EndProjectSection
EndProject
Project("{8BC9CEB8-8B4A-11D0-8D11-00A0C91BC942}") = "Post_Process_Project", "Post_Process_Project\Post_Process_Project.vcxproj", "{D87578AD-61D6-47C6-BBA8-5084CFFA28F2}"
	ProjectSection(ProjectDependencies) = postProject
		{D54DCF38-2FD0-466E-AA3E-C62AE22807F8} = {D54DCF38-2FD0-466E-AA3E-C62AE22807F8}
	EndProjectSection
EndProject
Project("{8BC9CEB8-8B4A-11D0-8D11-00A0C91BC942}") = "Deferred_Rendering_Project", "Deferred_Rendering_Project\Deferred_Rendering_Project.vcxproj", "{823D42F4-BFB1-4C7B-AA60-423F892DFB8D}"
	ProjectSection(ProjectDependencies) = postProject
		{D54DCF38-2FD0-466E-AA3E-C62AE22807F8} = {D54DCF38-2FD0-466E-AA3E-C62AE22807F8}
	EndProjectSection
EndProject
Project("{8BC9CEB8-8B4A-11D0-8D11-00A0C91BC942}") = "Shadows_Project", "Shadows_Project\Shadows_Project.vcxproj", "{05B1E15C-B35F-4CEF-9FEF-5C5B94A4B235}"
EndProject
Global
	GlobalSection(SolutionConfigurationPlatforms) = preSolution
		Debug|x64 = Debug|x64
		Debug|x86 = Debug|x86
		Release|x64 = Release|x64
		Release|x86 = Release|x86
	EndGlobalSection
	GlobalSection(ProjectConfigurationPlatforms) = postSolution
		{D54DCF38-2FD0-466E-AA3E-C62AE22807F8}.Debug|x64.ActiveCfg = Debug|x64
		{D54DCF38-2FD0-466E-AA3E-C62AE22807F8}.Debug|x64.Build.0 = Debug|x64
		{D54DCF38-2FD0-466E-AA3E-C62AE22807F8}.Debug|x86.ActiveCfg = Debug|Win32
		{D54DCF38-2FD0-466E-AA3E-C62AE22807F8}.Debug|x86.Build.0 = Debug|Win32
		{D54DCF38-2FD0-466E-AA3E-C62AE22807F8}.Release|x64.ActiveCfg = Release|x64
		{D54DCF38-2FD0-466E-AA3E-C62AE22807F8}.Release|x64.Build.0 = Release|x64
		{D54DCF38-2FD0-466E-AA3E-C62AE22807F8}.Release|x86.ActiveCfg = Release|Win32
		{D54DCF38-2FD0-466E-AA3E-C62AE22807F8}.Release|x86.Build.0 = Release|Win32
		{A1BEDF14-3D8B-4DC2-B0DD-C668A78317A5}.Debug|x64.ActiveCfg = Debug|x64
		{A1BEDF14-3D8B-4DC2-B0DD-C668A78317A5}.Debug|x64.Build.0 = Debug|x64
		{A1BEDF14-3D8B-4DC2-B0DD-C668A78317A5}.Debug|x86.ActiveCfg = Debug|Win32
		{A1BEDF14-3D8B-4DC2-B0DD-C668A78317A5}.Debug|x86.Build.0 = Debug|Win32
		{A1BEDF14-3D8B-4DC2-B0DD-C668A78317A5}.Release|x64.ActiveCfg = Release|x64
		{A1BEDF14-3D8B-4DC2-B0DD-C668A78317A5}.Release|x64.Build.0 = Release|x64
		{A1BEDF14-3D8B-4DC2-B0DD-C668A78317A5}.Release|x86.ActiveCfg = Release|Win32
		{A1BEDF14-3D8B-4DC2-B0DD-C668A78317A5}.Release|x86.Build.0 = Release|Win32
		{4437F6B3-99B4-4B97-BC5F-A1E451F7A09B}.Debug|x64.ActiveCfg = Debug|x64
		{4437F6B3-99B4-4B97-BC5F-A1E451F7A09B}.Debug|x64.Build.0 = Debug|x64
		{4437F6B3-99B4-4B97-BC5F-A1E451F7A09B}.Debug|x86.ActiveCfg = Debug|Win32
		{4437F6B3-99B4-4B97-BC5F-A1E451F7A09B}.Debug|x86.Build.0 = Debug|Win32
		{4437F6B3-99B4-4B97-BC5F-A1E451F7A09B}.Release|x64.ActiveCfg = Release|x64
		{4437F6B3-99B4-4B97-BC5F-A1E451F7A09B}.Release|x64.Build.0 = Release|x64
		{4437F6B3-99B4-4B97-BC5F-A1E451F7A09B}.Release|x86.ActiveCfg = Release|Win32
		{4437F6B3-99B4-4B97-BC5F-A1E451F7A09B}.Release|x86.Build.0 = Release|Win32
		{F8D5B171-2BCE-4BD4-A621-B98EEB19AE06}.Debug|x64.ActiveCfg = Debug|x64
		{F8D5B171-2BCE-4BD4-A621-B98EEB19AE06}.Debug|x64.Build.0 = Debug|x64
		{F8D5B171-2BCE-4BD4-A621-B98EEB19AE06}.Debug|x86.ActiveCfg = Debug|Win32
		{F8D5B171-2BCE-4BD4-A621-B98EEB19AE06}.Debug|x86.Build.0 = Debug|Win32
		{F8D5B171-2BCE-4BD4-A621-B98EEB19AE06}.Release|x64.ActiveCfg = Release|x64
		{F8D5B171-2BCE-4BD4-A621-B98EEB19AE06}.Release|x64.Build.0 = Release|x64
		{F8D5B171-2BCE-4BD4-A621-B98EEB19AE06}.Release|x86.ActiveCfg = Release|Win32
		{F8D5B171-2BCE-4BD4-A621-B98EEB19AE06}.Release|x86.Build.0 = Release|Win32
		{D87578AD-61D6-47C6-BBA8-5084CFFA28F2}.Debug|x64.ActiveCfg = Debug|x64
		{D87578AD-61D6-47C6-BBA8-5084CFFA28F2}.Debug|x64.Build.0 = Debug|x64
		{D87578AD-61D6-47C6-BBA8-5084CFFA28F2}.Debug|x86.ActiveCfg = Debug|Win32
		{D87578AD-61D6-47C6-BBA8-5084CFFA28F2}.Debug|x86.Build.0 = Debug|Win32
		{D87578AD-61D6-47C6-BBA8-5084CFFA28F2}.Release|x64.ActiveCfg = Release|x64
		{D87578AD-61D6-47C6-BBA8-5084CFFA28F2}.Release|x64.Build.0 = Release|x64
		{D87578AD-61D6-47C6-BBA8-5084CFFA28F2}.Release|x86.ActiveCfg = Release|Win32
		{D87578AD-61D6-47C6-BBA8-5084CFFA28F2}.Release|x86.Build.0 = Release|Win32
		{823D42F4-BFB1-4C7B-AA60-423F892DFB8D}.Debug|x64.ActiveCfg = Debug|x64
		{823D42F4-BFB1-4C7B-AA60-423F892DFB8D}.Debug|x64.Build.0 = Debug|x64
		{823D42F4-BFB1-4C7B-AA60-423F892DFB8D}.Debug|x86.ActiveCfg = Debug|Win32
		{823D42F4-BFB1-4C7B-AA60-423F892DFB8D}.Debug|x86.Build.0 = Debug|Win32
		{823D42F4-BFB1-4C7B-AA60-423F892DFB8D}.Release|x64.ActiveCfg = Release|x64
		{823D42F4-BFB1-4C7B-AA60-423F892DFB8D}.Release|x64.Build.0 = Release|x64
		{823D42F4-BFB1-4C7B-AA60-423F892DFB8D}.Release|x86.ActiveCfg = Release|Win32
		{823D42F4-BFB1-4C7B-AA60-423F892DFB8D}.Release|x86.Build.0 = Release|Win32
		{05B1E15C-B35F-4CEF-9FEF-5C5B94A4B235}.Debug|x64.ActiveCfg = Debug|x64
		{05B1E15C-B35F-4CEF-9FEF-5C5B94A4B235}.Debug|x64.Build.0 = Debug|x64
		{05B1E15C-B35F-4CEF-9FEF-5C5B94A4B235}.Debug|x86.ActiveCfg = Debug|Win32
		{05B1E15C-B35F-4CEF-9FEF-5C5B94A4B235}.Debug|x86.Build.0 = Debug|Win32
		{05B1E15C-B35F-4CEF-9FEF-5C5B94A4B235}.Release|x64.ActiveCfg = Release|x64
		{05B1E15C-B35F-4CEF-9FEF-5C5B94A4B235}.Release|x64.Build.0 = Release|x64
		{05B1E15C-B35F-4CEF-9FEF-5C5B94A4B235}.Release|x86.ActiveCfg = Release|Win32
		{05B1E15C-B35F-4CEF-9FEF-5C5B94A4B235}.Release|x86.Build.0 = Release|Win32
	EndGlobalSection
	GlobalSection(SolutionProperties) = preSolution
		HideSolutionNode = FALSE
	EndGlobalSection
EndGlobal
