<?xml version="1.0" encoding="utf-8"?>
<Project ToolsVersion="4.0" xmlns="http://schemas.microsoft.com/developer/msbuild/2003">
  <ItemGroup>
    <Filter Include="Source Files">
      <UniqueIdentifier>{4FC737F1-C7A5-4376-A066-2A32D752A2FF}</UniqueIdentifier>
      <Extensions>cpp;c;cc;cxx;def;odl;idl;hpj;bat;asm;asmx</Extensions>
    </Filter>
    <Filter Include="Header Files">
      <UniqueIdentifier>{93995380-89BD-4b04-88EB-625FBE52EBFB}</UniqueIdentifier>
      <Extensions>h;hh;hpp;hxx;hm;inl;inc;xsd</Extensions>
    </Filter>
    <Filter Include="Resource Files">
      <UniqueIdentifier>{67DA6AB6-F800-4c08-8B7A-83BB121AAD01}</UniqueIdentifier>
      <Extensions>rc;ico;cur;bmp;dlg;rc2;rct;bin;rgs;gif;jpg;jpeg;jpe;resx;tiff;tif;png;wav;mfcribbon-ms</Extensions>
    </Filter>
    <Filter Include="Header Files\gl_core">
      <UniqueIdentifier>{42978578-ba37-4c97-8bfb-d4411a166011}</UniqueIdentifier>
    </Filter>
    <Filter Include="Source Files\gl_core">
      <UniqueIdentifier>{6a3322b3-f595-4076-ac7c-c2d17c48414e}</UniqueIdentifier>
    </Filter>
    <Filter Include="Source Files\shaders">
      <UniqueIdentifier>{5553ae59-d287-4ca2-9ad9-e7e0dac9c493}</UniqueIdentifier>
    </Filter>
  </ItemGroup>
  <ItemGroup>
    <ClInclude Include="include\gl_core_4_4\gl_core_4_4.h">
      <Filter>Header Files\gl_core</Filter>
    </ClInclude>
    <ClInclude Include="include\Dryv3r.h">
      <Filter>Header Files</Filter>
    </ClInclude>
    <ClInclude Include="include\Geometry.h">
      <Filter>Header Files</Filter>
    </ClInclude>
    <ClInclude Include="include\Shader.h">
      <Filter>Header Files</Filter>
    </ClInclude>
  </ItemGroup>
  <ItemGroup>
    <ClCompile Include="src\gl_core\gl_core_4_4.c">
      <Filter>Source Files\gl_core</Filter>
    </ClCompile>
    <ClCompile Include="source\Dryv3r.cpp">
      <Filter>Source Files</Filter>
    </ClCompile>
    <ClCompile Include="source\Shader.cpp">
      <Filter>Source Files</Filter>
    </ClCompile>
  </ItemGroup>
  <ItemGroup>
    <None Include="source\shaders\forwardFrag.glsl">
      <Filter>Source Files\shaders</Filter>
    </None>
    <None Include="source\shaders\ForwardVert.glsl">
      <Filter>Source Files\shaders</Filter>
    </None>
  </ItemGroup>
</Project>