<?xml version="1.0" encoding="utf-8"?>
<Project ToolsVersion="4.0" xmlns="http://schemas.microsoft.com/developer/msbuild/2003">
  <ItemGroup>
    <ClCompile Include="source\DeferredRenderingApp.cpp">
      <Filter>Source Files</Filter>
    </ClCompile>
    <ClCompile Include="source\AppMain.cpp">
      <Filter>Source Files</Filter>
    </ClCompile>
  </ItemGroup>
  <ItemGroup>
    <None Include="source\shaders\gbuffer_frag.glsl">
      <Filter>Shaders</Filter>
    </None>
    <None Include="source\shaders\gbuffer_vert.glsl">
      <Filter>Shaders</Filter>
    </None>
    <None Include="source\shaders\directional_light_vert.glsl">
      <Filter>Shaders</Filter>
    </None>
  </ItemGroup>
  <ItemGroup>
    <Filter Include="Header Files">
      <UniqueIdentifier>{154fa8dd-7acd-4f7f-a520-41cc5960b127}</UniqueIdentifier>
    </Filter>
    <Filter Include="Source Files">
      <UniqueIdentifier>{46498dc7-bbdd-424b-8096-59af2a15048b}</UniqueIdentifier>
    </Filter>
    <Filter Include="Shaders">
      <UniqueIdentifier>{53f69364-073b-439b-8084-41db918437ef}</UniqueIdentifier>
    </Filter>
  </ItemGroup>
  <ItemGroup>
    <ClInclude Include="include\GameApp.h">
      <Filter>Header Files</Filter>
    </ClInclude>
    <ClInclude Include="include\DeferredRenderingApp.h">
      <Filter>Header Files</Filter>
    </ClInclude>
  </ItemGroup>
  <ItemGroup>
    <Text Include="source\shaders\composite_vert.glsl">
      <Filter>Shaders</Filter>
    </Text>
    <Text Include="source\shaders\composite_frag.glsl">
      <Filter>Shaders</Filter>
    </Text>
    <Text Include="source\shaders\directional_light_frag.glsl">
      <Filter>Shaders</Filter>
    </Text>
    <Text Include="source\shaders\point_light_frag.glsl">
      <Filter>Shaders</Filter>
    </Text>
    <Text Include="source\shaders\point_light_vert.glsl">
      <Filter>Shaders</Filter>
    </Text>
  </ItemGroup>
</Project>